{
  "name": "@cryptuff/PDS",
  "version": "0.0.1",
  "lockfileVersion": 1,
  "requires": true,
  "dependencies": {
    "@cryptuff/core": {
      "version": "git://github.com/cryptuff/core.git#90e884e8b45bd1e4dc33603c726b43c294c2acbf",
      "from": "git://github.com/cryptuff/core.git#master"
    }
  }
}
